
Microsoft Visual Studio Solution File, Format Version 12.00
# Visual Studio Version 17
VisualStudioVersion = 17.4.33213.308
MinimumVisualStudioVersion = 10.0.40219.1
Project("{FAE04EC0-301F-11D3-BF4B-00C04F79EFBC}") = "ContactoAdo", "ContactoAdo\ContactoAdo.csproj", "{533AEC92-F298-4616-BCE4-8F01516A6E66}"
EndProject
Global
	GlobalSection(SolutionConfigurationPlatforms) = preSolution
		Debug|Any CPU = Debug|Any CPU
		Release|Any CPU = Release|Any CPU
	EndGlobalSection
	GlobalSection(ProjectConfigurationPlatforms) = postSolution
		{533AEC92-F298-4616-BCE4-8F01516A6E66}.Debug|Any CPU.ActiveCfg = Debug|Any CPU
		{533AEC92-F298-4616-BCE4-8F01516A6E66}.Debug|Any CPU.Build.0 = Debug|Any CPU
		{533AEC92-F298-4616-BCE4-8F01516A6E66}.Release|Any CPU.ActiveCfg = Release|Any CPU
		{533AEC92-F298-4616-BCE4-8F01516A6E66}.Release|Any CPU.Build.0 = Release|Any CPU
	EndGlobalSection
	GlobalSection(SolutionProperties) = preSolution
		HideSolutionNode = FALSE
	EndGlobalSection
	GlobalSection(ExtensibilityGlobals) = postSolution
		SolutionGuid = {CDE70E9F-1819-4138-A41E-8F921E752311}
	EndGlobalSection
EndGlobal
